
Microsoft Visual Studio Solution File, Format Version 12.00
# Visual Studio Version 17
VisualStudioVersion = 17.7.34202.233
MinimumVisualStudioVersion = 10.0.40219.1
Project("{2150E333-8FDC-42A3-9474-1A3956D46DE8}") = "Services", "Services", "{17962BF9-C760-408E-B115-A8B7DDF24E51}"
EndProject
Project("{2150E333-8FDC-42A3-9474-1A3956D46DE8}") = "Catalog", "Catalog", "{9F7F4AB1-E9D0-4649-9317-2FAD7B571ED5}"
EndProject
Project("{2150E333-8FDC-42A3-9474-1A3956D46DE8}") = "Discount", "Discount", "{A46A4CC5-A397-4220-9680-6FD35627939C}"
EndProject
Project("{9A19103F-16F7-4668-BE54-9A1E7A4F7556}") = "BaristaShop.Catalog", "Services\Catalog\BaristaShop.Catalog\BaristaShop.Catalog.csproj", "{412366F1-B8A4-40C5-BEA6-A844823E9DF0}"
EndProject
Project("{9A19103F-16F7-4668-BE54-9A1E7A4F7556}") = "BaristaShop.Discount", "Services\Discount\BaristaShop.Discount\BaristaShop.Discount.csproj", "{B9056A0E-85AB-4367-8F3F-CA9FB20066CE}"
EndProject
Project("{2150E333-8FDC-42A3-9474-1A3956D46DE8}") = "Order", "Order", "{7E9E250C-8967-4FAF-B15E-F02691E8EB7F}"
EndProject
Project("{2150E333-8FDC-42A3-9474-1A3956D46DE8}") = "Core", "Core", "{7C0644DB-726D-4238-B82E-2993B46A4053}"
EndProject
Project("{2150E333-8FDC-42A3-9474-1A3956D46DE8}") = "Infrastructure", "Infrastructure", "{94F363E9-3946-4E60-BD4E-175A408F7690}"
EndProject
Project("{2150E333-8FDC-42A3-9474-1A3956D46DE8}") = "Presentation", "Presentation", "{21E94137-0BA9-438E-9628-CF4CCBFE9255}"
EndProject
Project("{9A19103F-16F7-4668-BE54-9A1E7A4F7556}") = "BaristaShop.Order.Domain", "Services\Order\Core\BaristaShop.Order.Domain\BaristaShop.Order.Domain.csproj", "{31DADB53-4AF5-4624-8BFA-C04523E9249D}"
EndProject
Project("{9A19103F-16F7-4668-BE54-9A1E7A4F7556}") = "BaristaShop.Order.Application", "Services\Order\Core\BaristaShop.Order.Application\BaristaShop.Order.Application.csproj", "{C53D8E79-6CEF-4D28-B430-A827452DE05C}"
EndProject
Project("{9A19103F-16F7-4668-BE54-9A1E7A4F7556}") = "BaristaShop.Order.Persistence", "Services\Order\Infrastructure\BaristaShop.Order.Persistence\BaristaShop.Order.Persistence.csproj", "{23F69B2E-1DDC-4857-A475-FEDE23B9CBFD}"
EndProject
Project("{9A19103F-16F7-4668-BE54-9A1E7A4F7556}") = "BaristaShop.Order.WebApi", "Services\Order\Presentation\BaristaShop.Order.WebApi\BaristaShop.Order.WebApi.csproj", "{267F368F-F5B9-40CC-8E5E-659F64EB5EFB}"
EndProject
Project("{2150E333-8FDC-42A3-9474-1A3956D46DE8}") = "IdentityServer", "IdentityServer", "{EB2A3DDD-4039-43F9-A9F1-C5E2166F91FE}"
EndProject
Project("{9A19103F-16F7-4668-BE54-9A1E7A4F7556}") = "BaristaShop.IdentityServer", "IdentityServer\BaristaShop.IdentityServer\BaristaShop.IdentityServer.csproj", "{29BD90A3-D03D-462D-A53A-C99A06A4660D}"
EndProject
Project("{2150E333-8FDC-42A3-9474-1A3956D46DE8}") = "Requirements", "Requirements", "{EC0B7E6A-751B-46BC-8507-3AE81C8EE6AF}"
	ProjectSection(SolutionItems) = preProject
		IdentityServer.txt = IdentityServer.txt
		JWTBearer.txt = JWTBearer.txt
		Portainer.txt = Portainer.txt
		Ports.txt = Ports.txt
	EndProjectSection
EndProject
Project("{2150E333-8FDC-42A3-9474-1A3956D46DE8}") = "Cargo", "Cargo", "{821D590F-1378-40A0-BFB3-E2053CE166D0}"
EndProject
Project("{9A19103F-16F7-4668-BE54-9A1E7A4F7556}") = "BaristaShop.Cargo.EntityLayer", "Service\Cargo\BaristaShop.Cargo.EntityLayer\BaristaShop.Cargo.EntityLayer.csproj", "{B86E2FD5-90BC-498E-B9B8-5AAE6BE4FA25}"
EndProject
Project("{9A19103F-16F7-4668-BE54-9A1E7A4F7556}") = "BaristaShop.Cargo.BusinessLayer", "Service\Cargo\BaristaShop.Cargo.BusinessLayer\BaristaShop.Cargo.BusinessLayer.csproj", "{C722DA3A-58DC-4B33-BB0C-B80D2DFA6114}"
EndProject
Project("{9A19103F-16F7-4668-BE54-9A1E7A4F7556}") = "BaristaShop.Cargo.DataAccessLayer", "Service\Cargo\BaristaShop.Cargo.DataAccessLayer\BaristaShop.Cargo.DataAccessLayer.csproj", "{19D123A1-AA40-48EA-88B5-EC37D8360DE2}"
EndProject
Project("{9A19103F-16F7-4668-BE54-9A1E7A4F7556}") = "BaristaShop.Cargo.DtoLayer", "Service\Cargo\BaristaShop.Cargo.DtoLayer\BaristaShop.Cargo.DtoLayer.csproj", "{82F9A4E8-AB02-45A6-91CA-4ACB91CF0C86}"
EndProject
Project("{9A19103F-16F7-4668-BE54-9A1E7A4F7556}") = "BaristaShop.Cargo.WebApi", "Service\Cargo\BaristaShop.Cargo.WebApi\BaristaShop.Cargo.WebApi.csproj", "{F76EC745-D279-46E0-9541-52A172C891DC}"
EndProject
Project("{2150E333-8FDC-42A3-9474-1A3956D46DE8}") = "Basket", "Basket", "{F7C53D6E-E266-4675-B468-029C6A6E7583}"
EndProject
Project("{FAE04EC0-301F-11D3-BF4B-00C04F79EFBC}") = "BaristaShop.Basket", "Services\Basket\BaristaShop.Basket\BaristaShop.Basket.csproj", "{6A973FC5-C9B7-49BD-9570-741A9FB6896F}"
EndProject
Global
	GlobalSection(SolutionConfigurationPlatforms) = preSolution
		Debug|Any CPU = Debug|Any CPU
		Release|Any CPU = Release|Any CPU
	EndGlobalSection
	GlobalSection(ProjectConfigurationPlatforms) = postSolution
		{412366F1-B8A4-40C5-BEA6-A844823E9DF0}.Debug|Any CPU.ActiveCfg = Debug|Any CPU
		{412366F1-B8A4-40C5-BEA6-A844823E9DF0}.Debug|Any CPU.Build.0 = Debug|Any CPU
		{412366F1-B8A4-40C5-BEA6-A844823E9DF0}.Release|Any CPU.ActiveCfg = Release|Any CPU
		{412366F1-B8A4-40C5-BEA6-A844823E9DF0}.Release|Any CPU.Build.0 = Release|Any CPU
		{B9056A0E-85AB-4367-8F3F-CA9FB20066CE}.Debug|Any CPU.ActiveCfg = Debug|Any CPU
		{B9056A0E-85AB-4367-8F3F-CA9FB20066CE}.Debug|Any CPU.Build.0 = Debug|Any CPU
		{B9056A0E-85AB-4367-8F3F-CA9FB20066CE}.Release|Any CPU.ActiveCfg = Release|Any CPU
		{B9056A0E-85AB-4367-8F3F-CA9FB20066CE}.Release|Any CPU.Build.0 = Release|Any CPU
		{31DADB53-4AF5-4624-8BFA-C04523E9249D}.Debug|Any CPU.ActiveCfg = Debug|Any CPU
		{31DADB53-4AF5-4624-8BFA-C04523E9249D}.Debug|Any CPU.Build.0 = Debug|Any CPU
		{31DADB53-4AF5-4624-8BFA-C04523E9249D}.Release|Any CPU.ActiveCfg = Release|Any CPU
		{31DADB53-4AF5-4624-8BFA-C04523E9249D}.Release|Any CPU.Build.0 = Release|Any CPU
		{C53D8E79-6CEF-4D28-B430-A827452DE05C}.Debug|Any CPU.ActiveCfg = Debug|Any CPU
		{C53D8E79-6CEF-4D28-B430-A827452DE05C}.Debug|Any CPU.Build.0 = Debug|Any CPU
		{C53D8E79-6CEF-4D28-B430-A827452DE05C}.Release|Any CPU.ActiveCfg = Release|Any CPU
		{C53D8E79-6CEF-4D28-B430-A827452DE05C}.Release|Any CPU.Build.0 = Release|Any CPU
		{23F69B2E-1DDC-4857-A475-FEDE23B9CBFD}.Debug|Any CPU.ActiveCfg = Debug|Any CPU
		{23F69B2E-1DDC-4857-A475-FEDE23B9CBFD}.Debug|Any CPU.Build.0 = Debug|Any CPU
		{23F69B2E-1DDC-4857-A475-FEDE23B9CBFD}.Release|Any CPU.ActiveCfg = Release|Any CPU
		{23F69B2E-1DDC-4857-A475-FEDE23B9CBFD}.Release|Any CPU.Build.0 = Release|Any CPU
		{267F368F-F5B9-40CC-8E5E-659F64EB5EFB}.Debug|Any CPU.ActiveCfg = Debug|Any CPU
		{267F368F-F5B9-40CC-8E5E-659F64EB5EFB}.Debug|Any CPU.Build.0 = Debug|Any CPU
		{267F368F-F5B9-40CC-8E5E-659F64EB5EFB}.Release|Any CPU.ActiveCfg = Release|Any CPU
		{267F368F-F5B9-40CC-8E5E-659F64EB5EFB}.Release|Any CPU.Build.0 = Release|Any CPU
		{29BD90A3-D03D-462D-A53A-C99A06A4660D}.Debug|Any CPU.ActiveCfg = Debug|Any CPU
		{29BD90A3-D03D-462D-A53A-C99A06A4660D}.Debug|Any CPU.Build.0 = Debug|Any CPU
		{29BD90A3-D03D-462D-A53A-C99A06A4660D}.Release|Any CPU.ActiveCfg = Release|Any CPU
		{29BD90A3-D03D-462D-A53A-C99A06A4660D}.Release|Any CPU.Build.0 = Release|Any CPU
		{B86E2FD5-90BC-498E-B9B8-5AAE6BE4FA25}.Debug|Any CPU.ActiveCfg = Debug|Any CPU
		{B86E2FD5-90BC-498E-B9B8-5AAE6BE4FA25}.Debug|Any CPU.Build.0 = Debug|Any CPU
		{B86E2FD5-90BC-498E-B9B8-5AAE6BE4FA25}.Release|Any CPU.ActiveCfg = Release|Any CPU
		{B86E2FD5-90BC-498E-B9B8-5AAE6BE4FA25}.Release|Any CPU.Build.0 = Release|Any CPU
		{C722DA3A-58DC-4B33-BB0C-B80D2DFA6114}.Debug|Any CPU.ActiveCfg = Debug|Any CPU
		{C722DA3A-58DC-4B33-BB0C-B80D2DFA6114}.Debug|Any CPU.Build.0 = Debug|Any CPU
		{C722DA3A-58DC-4B33-BB0C-B80D2DFA6114}.Release|Any CPU.ActiveCfg = Release|Any CPU
		{C722DA3A-58DC-4B33-BB0C-B80D2DFA6114}.Release|Any CPU.Build.0 = Release|Any CPU
		{19D123A1-AA40-48EA-88B5-EC37D8360DE2}.Debug|Any CPU.ActiveCfg = Debug|Any CPU
		{19D123A1-AA40-48EA-88B5-EC37D8360DE2}.Debug|Any CPU.Build.0 = Debug|Any CPU
		{19D123A1-AA40-48EA-88B5-EC37D8360DE2}.Release|Any CPU.ActiveCfg = Release|Any CPU
		{19D123A1-AA40-48EA-88B5-EC37D8360DE2}.Release|Any CPU.Build.0 = Release|Any CPU
		{82F9A4E8-AB02-45A6-91CA-4ACB91CF0C86}.Debug|Any CPU.ActiveCfg = Debug|Any CPU
		{82F9A4E8-AB02-45A6-91CA-4ACB91CF0C86}.Debug|Any CPU.Build.0 = Debug|Any CPU
		{82F9A4E8-AB02-45A6-91CA-4ACB91CF0C86}.Release|Any CPU.ActiveCfg = Release|Any CPU
		{82F9A4E8-AB02-45A6-91CA-4ACB91CF0C86}.Release|Any CPU.Build.0 = Release|Any CPU
		{F76EC745-D279-46E0-9541-52A172C891DC}.Debug|Any CPU.ActiveCfg = Debug|Any CPU
		{F76EC745-D279-46E0-9541-52A172C891DC}.Debug|Any CPU.Build.0 = Debug|Any CPU
		{F76EC745-D279-46E0-9541-52A172C891DC}.Release|Any CPU.ActiveCfg = Release|Any CPU
		{F76EC745-D279-46E0-9541-52A172C891DC}.Release|Any CPU.Build.0 = Release|Any CPU
		{6A973FC5-C9B7-49BD-9570-741A9FB6896F}.Debug|Any CPU.ActiveCfg = Debug|Any CPU
		{6A973FC5-C9B7-49BD-9570-741A9FB6896F}.Debug|Any CPU.Build.0 = Debug|Any CPU
		{6A973FC5-C9B7-49BD-9570-741A9FB6896F}.Release|Any CPU.ActiveCfg = Release|Any CPU
		{6A973FC5-C9B7-49BD-9570-741A9FB6896F}.Release|Any CPU.Build.0 = Release|Any CPU
	EndGlobalSection
	GlobalSection(SolutionProperties) = preSolution
		HideSolutionNode = FALSE
	EndGlobalSection
	GlobalSection(NestedProjects) = preSolution
		{9F7F4AB1-E9D0-4649-9317-2FAD7B571ED5} = {17962BF9-C760-408E-B115-A8B7DDF24E51}
		{A46A4CC5-A397-4220-9680-6FD35627939C} = {17962BF9-C760-408E-B115-A8B7DDF24E51}
		{412366F1-B8A4-40C5-BEA6-A844823E9DF0} = {9F7F4AB1-E9D0-4649-9317-2FAD7B571ED5}
		{B9056A0E-85AB-4367-8F3F-CA9FB20066CE} = {A46A4CC5-A397-4220-9680-6FD35627939C}
		{7E9E250C-8967-4FAF-B15E-F02691E8EB7F} = {17962BF9-C760-408E-B115-A8B7DDF24E51}
		{7C0644DB-726D-4238-B82E-2993B46A4053} = {7E9E250C-8967-4FAF-B15E-F02691E8EB7F}
		{94F363E9-3946-4E60-BD4E-175A408F7690} = {7E9E250C-8967-4FAF-B15E-F02691E8EB7F}
		{21E94137-0BA9-438E-9628-CF4CCBFE9255} = {7E9E250C-8967-4FAF-B15E-F02691E8EB7F}
		{31DADB53-4AF5-4624-8BFA-C04523E9249D} = {7C0644DB-726D-4238-B82E-2993B46A4053}
		{C53D8E79-6CEF-4D28-B430-A827452DE05C} = {7C0644DB-726D-4238-B82E-2993B46A4053}
		{23F69B2E-1DDC-4857-A475-FEDE23B9CBFD} = {94F363E9-3946-4E60-BD4E-175A408F7690}
		{267F368F-F5B9-40CC-8E5E-659F64EB5EFB} = {21E94137-0BA9-438E-9628-CF4CCBFE9255}
		{29BD90A3-D03D-462D-A53A-C99A06A4660D} = {EB2A3DDD-4039-43F9-A9F1-C5E2166F91FE}
		{821D590F-1378-40A0-BFB3-E2053CE166D0} = {17962BF9-C760-408E-B115-A8B7DDF24E51}
		{B86E2FD5-90BC-498E-B9B8-5AAE6BE4FA25} = {821D590F-1378-40A0-BFB3-E2053CE166D0}
		{C722DA3A-58DC-4B33-BB0C-B80D2DFA6114} = {821D590F-1378-40A0-BFB3-E2053CE166D0}
		{19D123A1-AA40-48EA-88B5-EC37D8360DE2} = {821D590F-1378-40A0-BFB3-E2053CE166D0}
		{82F9A4E8-AB02-45A6-91CA-4ACB91CF0C86} = {821D590F-1378-40A0-BFB3-E2053CE166D0}
		{F76EC745-D279-46E0-9541-52A172C891DC} = {821D590F-1378-40A0-BFB3-E2053CE166D0}
		{F7C53D6E-E266-4675-B468-029C6A6E7583} = {17962BF9-C760-408E-B115-A8B7DDF24E51}
		{6A973FC5-C9B7-49BD-9570-741A9FB6896F} = {F7C53D6E-E266-4675-B468-029C6A6E7583}
	EndGlobalSection
	GlobalSection(ExtensibilityGlobals) = postSolution
		SolutionGuid = {4EBD5B75-050D-4599-BD83-5A700094D410}
	EndGlobalSection
EndGlobal
